// !$*UTF8*$!
{
	archiveVersion = 1;
	classes = {
	};
	objectVersion = 50;
	objects = {

/* Begin PBXBuildFile section */
		7579669025C44D6100A217BB /* AppDelegate.swift in Sources */ = {isa = PBXBuildFile; fileRef = 7579668F25C44D6100A217BB /* AppDelegate.swift */; };
		7579669225C44D6100A217BB /* SceneDelegate.swift in Sources */ = {isa = PBXBuildFile; fileRef = 7579669125C44D6100A217BB /* SceneDelegate.swift */; };
		7579669925C44D6200A217BB /* Assets.xcassets in Resources */ = {isa = PBXBuildFile; fileRef = 7579669825C44D6200A217BB /* Assets.xcassets */; };
		7579669C25C44D6200A217BB /* LaunchScreen.storyboard in Resources */ = {isa = PBXBuildFile; fileRef = 7579669A25C44D6200A217BB /* LaunchScreen.storyboard */; };
		757966A725C44E1200A217BB /* RepositoryCell.swift in Sources */ = {isa = PBXBuildFile; fileRef = 757966A625C44E1200A217BB /* RepositoryCell.swift */; };
		757966AD25C44E2800A217BB /* RepoDetailViewController.swift in Sources */ = {isa = PBXBuildFile; fileRef = 757966AB25C44E2800A217BB /* RepoDetailViewController.swift */; };
		757966AE25C44E2800A217BB /* MainViewController.swift in Sources */ = {isa = PBXBuildFile; fileRef = 757966AC25C44E2800A217BB /* MainViewController.swift */; };
		757966B425C44E4400A217BB /* Item.swift in Sources */ = {isa = PBXBuildFile; fileRef = 757966B125C44E4400A217BB /* Item.swift */; };
		757966B525C44E4400A217BB /* GitResponse.swift in Sources */ = {isa = PBXBuildFile; fileRef = 757966B225C44E4400A217BB /* GitResponse.swift */; };
		757966B625C44E4400A217BB /* Owner.swift in Sources */ = {isa = PBXBuildFile; fileRef = 757966B325C44E4400A217BB /* Owner.swift */; };
		757966BB25C44E6200A217BB /* NetworkManager.swift in Sources */ = {isa = PBXBuildFile; fileRef = 757966B925C44E6200A217BB /* NetworkManager.swift */; };
		757966C625C44E8100A217BB /* GRError.swift in Sources */ = {isa = PBXBuildFile; fileRef = 757966C425C44E8100A217BB /* GRError.swift */; };
		757966CD25C6C09800A217BB /* CoreDataStack.swift in Sources */ = {isa = PBXBuildFile; fileRef = 757966CC25C6C09800A217BB /* CoreDataStack.swift */; };
		757966D125C6C55500A217BB /* CoreDataItem.xcdatamodeld in Sources */ = {isa = PBXBuildFile; fileRef = 757966CF25C6C55500A217BB /* CoreDataItem.xcdatamodeld */; };
		757966D525C6C73500A217BB /* CoreItem+CoreDataClass.swift in Sources */ = {isa = PBXBuildFile; fileRef = 757966D325C6C73500A217BB /* CoreItem+CoreDataClass.swift */; };
		757966D625C6C73500A217BB /* CoreItem+CoreDataProperties.swift in Sources */ = {isa = PBXBuildFile; fileRef = 757966D425C6C73500A217BB /* CoreItem+CoreDataProperties.swift */; };
/* End PBXBuildFile section */

/* Begin PBXFileReference section */
		7579668C25C44D6100A217BB /* Repositories.app */ = {isa = PBXFileReference; explicitFileType = wrapper.application; includeInIndex = 0; path = Repositories.app; sourceTree = BUILT_PRODUCTS_DIR; };
		7579668F25C44D6100A217BB /* AppDelegate.swift */ = {isa = PBXFileReference; lastKnownFileType = sourcecode.swift; path = AppDelegate.swift; sourceTree = "<group>"; };
		7579669125C44D6100A217BB /* SceneDelegate.swift */ = {isa = PBXFileReference; lastKnownFileType = sourcecode.swift; path = SceneDelegate.swift; sourceTree = "<group>"; };
		7579669825C44D6200A217BB /* Assets.xcassets */ = {isa = PBXFileReference; lastKnownFileType = folder.assetcatalog; path = Assets.xcassets; sourceTree = "<group>"; };
		7579669B25C44D6200A217BB /* Base */ = {isa = PBXFileReference; lastKnownFileType = file.storyboard; name = Base; path = Base.lproj/LaunchScreen.storyboard; sourceTree = "<group>"; };
		7579669D25C44D6200A217BB /* Info.plist */ = {isa = PBXFileReference; lastKnownFileType = text.plist.xml; path = Info.plist; sourceTree = "<group>"; };
		757966A625C44E1200A217BB /* RepositoryCell.swift */ = {isa = PBXFileReference; fileEncoding = 4; lastKnownFileType = sourcecode.swift; path = RepositoryCell.swift; sourceTree = "<group>"; };
		757966AB25C44E2800A217BB /* RepoDetailViewController.swift */ = {isa = PBXFileReference; fileEncoding = 4; lastKnownFileType = sourcecode.swift; path = RepoDetailViewController.swift; sourceTree = "<group>"; };
		757966AC25C44E2800A217BB /* MainViewController.swift */ = {isa = PBXFileReference; fileEncoding = 4; lastKnownFileType = sourcecode.swift; path = MainViewController.swift; sourceTree = "<group>"; };
		757966B125C44E4400A217BB /* Item.swift */ = {isa = PBXFileReference; fileEncoding = 4; lastKnownFileType = sourcecode.swift; path = Item.swift; sourceTree = "<group>"; };
		757966B225C44E4400A217BB /* GitResponse.swift */ = {isa = PBXFileReference; fileEncoding = 4; lastKnownFileType = sourcecode.swift; path = GitResponse.swift; sourceTree = "<group>"; };
		757966B325C44E4400A217BB /* Owner.swift */ = {isa = PBXFileReference; fileEncoding = 4; lastKnownFileType = sourcecode.swift; path = Owner.swift; sourceTree = "<group>"; };
		757966B925C44E6200A217BB /* NetworkManager.swift */ = {isa = PBXFileReference; fileEncoding = 4; lastKnownFileType = sourcecode.swift; path = NetworkManager.swift; sourceTree = "<group>"; };
		757966C425C44E8100A217BB /* GRError.swift */ = {isa = PBXFileReference; fileEncoding = 4; lastKnownFileType = sourcecode.swift; path = GRError.swift; sourceTree = "<group>"; };
		757966CC25C6C09800A217BB /* CoreDataStack.swift */ = {isa = PBXFileReference; fileEncoding = 4; lastKnownFileType = sourcecode.swift; path = CoreDataStack.swift; sourceTree = "<group>"; };
		757966D025C6C55500A217BB /* CoreDataItem.xcdatamodel */ = {isa = PBXFileReference; lastKnownFileType = wrapper.xcdatamodel; path = CoreDataItem.xcdatamodel; sourceTree = "<group>"; };
		757966D325C6C73500A217BB /* CoreItem+CoreDataClass.swift */ = {isa = PBXFileReference; lastKnownFileType = sourcecode.swift; path = "CoreItem+CoreDataClass.swift"; sourceTree = "<group>"; };
		757966D425C6C73500A217BB /* CoreItem+CoreDataProperties.swift */ = {isa = PBXFileReference; lastKnownFileType = sourcecode.swift; path = "CoreItem+CoreDataProperties.swift"; sourceTree = "<group>"; };
/* End PBXFileReference section */

/* Begin PBXFrameworksBuildPhase section */
		7579668925C44D6100A217BB /* Frameworks */ = {
			isa = PBXFrameworksBuildPhase;
			buildActionMask = 2147483647;
			files = (
			);
			runOnlyForDeploymentPostprocessing = 0;
		};
/* End PBXFrameworksBuildPhase section */

/* Begin PBXGroup section */
		7579668325C44D6100A217BB = {
			isa = PBXGroup;
			children = (
				7579668E25C44D6100A217BB /* Repositories */,
				7579668D25C44D6100A217BB /* Products */,
			);
			sourceTree = "<group>";
		};
		7579668D25C44D6100A217BB /* Products */ = {
			isa = PBXGroup;
			children = (
				7579668C25C44D6100A217BB /* Repositories.app */,
			);
			name = Products;
			sourceTree = "<group>";
		};
		7579668E25C44D6100A217BB /* Repositories */ = {
			isa = PBXGroup;
			children = (
				7579668F25C44D6100A217BB /* AppDelegate.swift */,
				7579669125C44D6100A217BB /* SceneDelegate.swift */,
				757966C225C44E7700A217BB /* Errors */,
				757966BE25C44E6800A217BB /* Extensions */,
				757966B825C44E5800A217BB /* Managers */,
				757966B025C44E3300A217BB /* Model */,
				757966A925C44E1500A217BB /* ViewControllers */,
				757966A525C44DFF00A217BB /* Cells */,
				7579669825C44D6200A217BB /* Assets.xcassets */,
				7579669A25C44D6200A217BB /* LaunchScreen.storyboard */,
				7579669D25C44D6200A217BB /* Info.plist */,
				757966CF25C6C55500A217BB /* CoreDataItem.xcdatamodeld */,
				757966D325C6C73500A217BB /* CoreItem+CoreDataClass.swift */,
				757966D425C6C73500A217BB /* CoreItem+CoreDataProperties.swift */,
			);
			path = Repositories;
			sourceTree = "<group>";
		};
		757966A525C44DFF00A217BB /* Cells */ = {
			isa = PBXGroup;
			children = (
				757966A625C44E1200A217BB /* RepositoryCell.swift */,
			);
			path = Cells;
			sourceTree = "<group>";
		};
		757966A925C44E1500A217BB /* ViewControllers */ = {
			isa = PBXGroup;
			children = (
				757966AC25C44E2800A217BB /* MainViewController.swift */,
				757966AB25C44E2800A217BB /* RepoDetailViewController.swift */,
			);
			path = ViewControllers;
			sourceTree = "<group>";
		};
		757966B025C44E3300A217BB /* Model */ = {
			isa = PBXGroup;
			children = (
				757966B225C44E4400A217BB /* GitResponse.swift */,
				757966B125C44E4400A217BB /* Item.swift */,
				757966B325C44E4400A217BB /* Owner.swift */,
			);
			path = Model;
			sourceTree = "<group>";
		};
		757966B825C44E5800A217BB /* Managers */ = {
			isa = PBXGroup;
			children = (
				757966CC25C6C09800A217BB /* CoreDataStack.swift */,
				757966B925C44E6200A217BB /* NetworkManager.swift */,
			);
			path = Managers;
			sourceTree = "<group>";
		};
		757966BE25C44E6800A217BB /* Extensions */ = {
			isa = PBXGroup;
			children = (
			);
			path = Extensions;
			sourceTree = "<group>";
		};
		757966C225C44E7700A217BB /* Errors */ = {
			isa = PBXGroup;
			children = (
				757966C425C44E8100A217BB /* GRError.swift */,
			);
			path = Errors;
			sourceTree = "<group>";
		};
/* End PBXGroup section */

/* Begin PBXNativeTarget section */
		7579668B25C44D6100A217BB /* Repositories */ = {
			isa = PBXNativeTarget;
			buildConfigurationList = 757966A025C44D6200A217BB /* Build configuration list for PBXNativeTarget "Repositories" */;
			buildPhases = (
				7579668825C44D6100A217BB /* Sources */,
				7579668925C44D6100A217BB /* Frameworks */,
				7579668A25C44D6100A217BB /* Resources */,
			);
			buildRules = (
			);
			dependencies = (
			);
			name = Repositories;
			productName = Repositories;
			productReference = 7579668C25C44D6100A217BB /* Repositories.app */;
			productType = "com.apple.product-type.application";
		};
/* End PBXNativeTarget section */

/* Begin PBXProject section */
		7579668425C44D6100A217BB /* Project object */ = {
			isa = PBXProject;
			attributes = {
				LastSwiftUpdateCheck = 1240;
				LastUpgradeCheck = 1240;
				TargetAttributes = {
					7579668B25C44D6100A217BB = {
						CreatedOnToolsVersion = 12.4;
					};
				};
			};
			buildConfigurationList = 7579668725C44D6100A217BB /* Build configuration list for PBXProject "Repositories" */;
			compatibilityVersion = "Xcode 9.3";
			developmentRegion = en;
			hasScannedForEncodings = 0;
			knownRegions = (
				en,
				Base,
			);
			mainGroup = 7579668325C44D6100A217BB;
			productRefGroup = 7579668D25C44D6100A217BB /* Products */;
			projectDirPath = "";
			projectRoot = "";
			targets = (
				7579668B25C44D6100A217BB /* Repositories */,
			);
		};
/* End PBXProject section */

/* Begin PBXResourcesBuildPhase section */
		7579668A25C44D6100A217BB /* Resources */ = {
			isa = PBXResourcesBuildPhase;
			buildActionMask = 2147483647;
			files = (
				7579669C25C44D6200A217BB /* LaunchScreen.storyboard in Resources */,
				7579669925C44D6200A217BB /* Assets.xcassets in Resources */,
			);
			runOnlyForDeploymentPostprocessing = 0;
		};
/* End PBXResourcesBuildPhase section */

/* Begin PBXSourcesBuildPhase section */
		7579668825C44D6100A217BB /* Sources */ = {
			isa = PBXSourcesBuildPhase;
			buildActionMask = 2147483647;
			files = (
				757966BB25C44E6200A217BB /* NetworkManager.swift in Sources */,
				7579669025C44D6100A217BB /* AppDelegate.swift in Sources */,
				757966B625C44E4400A217BB /* Owner.swift in Sources */,
				757966AD25C44E2800A217BB /* RepoDetailViewController.swift in Sources */,
				7579669225C44D6100A217BB /* SceneDelegate.swift in Sources */,
				757966A725C44E1200A217BB /* RepositoryCell.swift in Sources */,
				757966CD25C6C09800A217BB /* CoreDataStack.swift in Sources */,
				757966B525C44E4400A217BB /* GitResponse.swift in Sources */,
				757966B425C44E4400A217BB /* Item.swift in Sources */,
				757966D625C6C73500A217BB /* CoreItem+CoreDataProperties.swift in Sources */,
				757966C625C44E8100A217BB /* GRError.swift in Sources */,
				757966AE25C44E2800A217BB /* MainViewController.swift in Sources */,
				757966D525C6C73500A217BB /* CoreItem+CoreDataClass.swift in Sources */,
				757966D125C6C55500A217BB /* CoreDataItem.xcdatamodeld in Sources */,
			);
			runOnlyForDeploymentPostprocessing = 0;
		};
/* End PBXSourcesBuildPhase section */

/* Begin PBXVariantGroup section */
		7579669A25C44D6200A217BB /* LaunchScreen.storyboard */ = {
			isa = PBXVariantGroup;
			children = (
				7579669B25C44D6200A217BB /* Base */,
			);
			name = LaunchScreen.storyboard;
			sourceTree = "<group>";
		};
/* End PBXVariantGroup section */

/* Begin XCBuildConfiguration section */
		7579669E25C44D6200A217BB /* Debug */ = {
			isa = XCBuildConfiguration;
			buildSettings = {
				ALWAYS_SEARCH_USER_PATHS = NO;
				CLANG_ANALYZER_NONNULL = YES;
				CLANG_ANALYZER_NUMBER_OBJECT_CONVERSION = YES_AGGRESSIVE;
				CLANG_CXX_LANGUAGE_STANDARD = "gnu++14";
				CLANG_CXX_LIBRARY = "libc++";
				CLANG_ENABLE_MODULES = YES;
				CLANG_ENABLE_OBJC_ARC = YES;
				CLANG_ENABLE_OBJC_WEAK = YES;
				CLANG_WARN_BLOCK_CAPTURE_AUTORELEASING = YES;
				CLANG_WARN_BOOL_CONVERSION = YES;
				CLANG_WARN_COMMA = YES;
				CLANG_WARN_CONSTANT_CONVERSION = YES;
				CLANG_WARN_DEPRECATED_OBJC_IMPLEMENTATIONS = YES;
				CLANG_WARN_DIRECT_OBJC_ISA_USAGE = YES_ERROR;
				CLANG_WARN_DOCUMENTATION_COMMENTS = YES;
				CLANG_WARN_EMPTY_BODY = YES;
				CLANG_WARN_ENUM_CONVERSION = YES;
				CLANG_WARN_INFINITE_RECURSION = YES;
				CLANG_WARN_INT_CONVERSION = YES;
				CLANG_WARN_NON_LITERAL_NULL_CONVERSION = YES;
				CLANG_WARN_OBJC_IMPLICIT_RETAIN_SELF = YES;
				CLANG_WARN_OBJC_LITERAL_CONVERSION = YES;
				CLANG_WARN_OBJC_ROOT_CLASS = YES_ERROR;
				CLANG_WARN_QUOTED_INCLUDE_IN_FRAMEWORK_HEADER = YES;
				CLANG_WARN_RANGE_LOOP_ANALYSIS = YES;
				CLANG_WARN_STRICT_PROTOTYPES = YES;
				CLANG_WARN_SUSPICIOUS_MOVE = YES;
				CLANG_WARN_UNGUARDED_AVAILABILITY = YES_AGGRESSIVE;
				CLANG_WARN_UNREACHABLE_CODE = YES;
				CLANG_WARN__DUPLICATE_METHOD_MATCH = YES;
				COPY_PHASE_STRIP = NO;
				DEBUG_INFORMATION_FORMAT = dwarf;
				ENABLE_STRICT_OBJC_MSGSEND = YES;
				ENABLE_TESTABILITY = YES;
				GCC_C_LANGUAGE_STANDARD = gnu11;
				GCC_DYNAMIC_NO_PIC = NO;
				GCC_NO_COMMON_BLOCKS = YES;
				GCC_OPTIMIZATION_LEVEL = 0;
				GCC_PREPROCESSOR_DEFINITIONS = (
					"DEBUG=1",
					"$(inherited)",
				);
				GCC_WARN_64_TO_32_BIT_CONVERSION = YES;
				GCC_WARN_ABOUT_RETURN_TYPE = YES_ERROR;
				GCC_WARN_UNDECLARED_SELECTOR = YES;
				GCC_WARN_UNINITIALIZED_AUTOS = YES_AGGRESSIVE;
				GCC_WARN_UNUSED_FUNCTION = YES;
				GCC_WARN_UNUSED_VARIABLE = YES;
				IPHONEOS_DEPLOYMENT_TARGET = 14.4;
				MTL_ENABLE_DEBUG_INFO = INCLUDE_SOURCE;
				MTL_FAST_MATH = YES;
				ONLY_ACTIVE_ARCH = YES;
				SDKROOT = iphoneos;
				SWIFT_ACTIVE_COMPILATION_CONDITIONS = DEBUG;
				SWIFT_OPTIMIZATION_LEVEL = "-Onone";
			};
			name = Debug;
		};
		7579669F25C44D6200A217BB /* Release */ = {
			isa = XCBuildConfiguration;
			buildSettings = {
				ALWAYS_SEARCH_USER_PATHS = NO;
				CLANG_ANALYZER_NONNULL = YES;
				CLANG_ANALYZER_NUMBER_OBJECT_CONVERSION = YES_AGGRESSIVE;
				CLANG_CXX_LANGUAGE_STANDARD = "gnu++14";
				CLANG_CXX_LIBRARY = "libc++";
				CLANG_ENABLE_MODULES = YES;
				CLANG_ENABLE_OBJC_ARC = YES;
				CLANG_ENABLE_OBJC_WEAK = YES;
				CLANG_WARN_BLOCK_CAPTURE_AUTORELEASING = YES;
				CLANG_WARN_BOOL_CONVERSION = YES;
				CLANG_WARN_COMMA = YES;
				CLANG_WARN_CONSTANT_CONVERSION = YES;
				CLANG_WARN_DEPRECATED_OBJC_IMPLEMENTATIONS = YES;
				CLANG_WARN_DIRECT_OBJC_ISA_USAGE = YES_ERROR;
				CLANG_WARN_DOCUMENTATION_COMMENTS = YES;
				CLANG_WARN_EMPTY_BODY = YES;
				CLANG_WARN_ENUM_CONVERSION = YES;
				CLANG_WARN_INFINITE_RECURSION = YES;
				CLANG_WARN_INT_CONVERSION = YES;
				CLANG_WARN_NON_LITERAL_NULL_CONVERSION = YES;
				CLANG_WARN_OBJC_IMPLICIT_RETAIN_SELF = YES;
				CLANG_WARN_OBJC_LITERAL_CONVERSION = YES;
				CLANG_WARN_OBJC_ROOT_CLASS = YES_ERROR;
				CLANG_WARN_QUOTED_INCLUDE_IN_FRAMEWORK_HEADER = YES;
				CLANG_WARN_RANGE_LOOP_ANALYSIS = YES;
				CLANG_WARN_STRICT_PROTOTYPES = YES;
				CLANG_WARN_SUSPICIOUS_MOVE = YES;
				CLANG_WARN_UNGUARDED_AVAILABILITY = YES_AGGRESSIVE;
				CLANG_WARN_UNREACHABLE_CODE = YES;
				CLANG_WARN__DUPLICATE_METHOD_MATCH = YES;
				COPY_PHASE_STRIP = NO;
				DEBUG_INFORMATION_FORMAT = "dwarf-with-dsym";
				ENABLE_NS_ASSERTIONS = NO;
				ENABLE_STRICT_OBJC_MSGSEND = YES;
				GCC_C_LANGUAGE_STANDARD = gnu11;
				GCC_NO_COMMON_BLOCKS = YES;
				GCC_WARN_64_TO_32_BIT_CONVERSION = YES;
				GCC_WARN_ABOUT_RETURN_TYPE = YES_ERROR;
				GCC_WARN_UNDECLARED_SELECTOR = YES;
				GCC_WARN_UNINITIALIZED_AUTOS = YES_AGGRESSIVE;
				GCC_WARN_UNUSED_FUNCTION = YES;
				GCC_WARN_UNUSED_VARIABLE = YES;
				IPHONEOS_DEPLOYMENT_TARGET = 14.4;
				MTL_ENABLE_DEBUG_INFO = NO;
				MTL_FAST_MATH = YES;
				SDKROOT = iphoneos;
				SWIFT_COMPILATION_MODE = wholemodule;
				SWIFT_OPTIMIZATION_LEVEL = "-O";
				VALIDATE_PRODUCT = YES;
			};
			name = Release;
		};
		757966A125C44D6200A217BB /* Debug */ = {
			isa = XCBuildConfiguration;
			buildSettings = {
				ASSETCATALOG_COMPILER_APPICON_NAME = AppIcon;
				ASSETCATALOG_COMPILER_GLOBAL_ACCENT_COLOR_NAME = AccentColor;
				CODE_SIGN_STYLE = Automatic;
				DEVELOPMENT_TEAM = 556JYUKVPG;
				INFOPLIST_FILE = Repositories/Info.plist;
				LD_RUNPATH_SEARCH_PATHS = (
					"$(inherited)",
					"@executable_path/Frameworks",
				);
				PRODUCT_BUNDLE_IDENTIFIER = com.catalinpalade.Repositories;
				PRODUCT_NAME = "$(TARGET_NAME)";
				SWIFT_VERSION = 5.0;
				TARGETED_DEVICE_FAMILY = "1,2";
			};
			name = Debug;
		};
		757966A225C44D6200A217BB /* Release */ = {
			isa = XCBuildConfiguration;
			buildSettings = {
				ASSETCATALOG_COMPILER_APPICON_NAME = AppIcon;
				ASSETCATALOG_COMPILER_GLOBAL_ACCENT_COLOR_NAME = AccentColor;
				CODE_SIGN_STYLE = Automatic;
				DEVELOPMENT_TEAM = 556JYUKVPG;
				INFOPLIST_FILE = Repositories/Info.plist;
				LD_RUNPATH_SEARCH_PATHS = (
					"$(inherited)",
					"@executable_path/Frameworks",
				);
				PRODUCT_BUNDLE_IDENTIFIER = com.catalinpalade.Repositories;
				PRODUCT_NAME = "$(TARGET_NAME)";
				SWIFT_VERSION = 5.0;
				TARGETED_DEVICE_FAMILY = "1,2";
			};
			name = Release;
		};
/* End XCBuildConfiguration section */

/* Begin XCConfigurationList section */
		7579668725C44D6100A217BB /* Build configuration list for PBXProject "Repositories" */ = {
			isa = XCConfigurationList;
			buildConfigurations = (
				7579669E25C44D6200A217BB /* Debug */,
				7579669F25C44D6200A217BB /* Release */,
			);
			defaultConfigurationIsVisible = 0;
			defaultConfigurationName = Release;
		};
		757966A025C44D6200A217BB /* Build configuration list for PBXNativeTarget "Repositories" */ = {
			isa = XCConfigurationList;
			buildConfigurations = (
				757966A125C44D6200A217BB /* Debug */,
				757966A225C44D6200A217BB /* Release */,
			);
			defaultConfigurationIsVisible = 0;
			defaultConfigurationName = Release;
		};
/* End XCConfigurationList section */

/* Begin XCVersionGroup section */
		757966CF25C6C55500A217BB /* CoreDataItem.xcdatamodeld */ = {
			isa = XCVersionGroup;
			children = (
				757966D025C6C55500A217BB /* CoreDataItem.xcdatamodel */,
			);
			currentVersion = 757966D025C6C55500A217BB /* CoreDataItem.xcdatamodel */;
			path = CoreDataItem.xcdatamodeld;
			sourceTree = "<group>";
			versionGroupType = wrapper.xcdatamodel;
		};
/* End XCVersionGroup section */
	};
	rootObject = 7579668425C44D6100A217BB /* Project object */;
}
